Microsoft Visual Studio Solution File, Format Version 9.00
# Visual Studio 2005
Project("{FAE04EC0-301F-11D3-BF4B-00C04F79EFBC}") = "PersistentClasses", "PersistentClasses\PersistentClasses.csproj", "{44B623A7-BB24-4C76-9B97-9173B7A1C36A}"
EndProject
Project("{FAE04EC0-301F-11D3-BF4B-00C04F79EFBC}") = "DBUpdater", "DBUpdater\DBUpdater.csproj", "{C5D65D27-479F-45BB-BDD9-D28A91998A6F}"
EndProject
Project("{FAE04EC0-301F-11D3-BF4B-00C04F79EFBC}") = "CommanChannelServiceDataStore", "CommanChannelServiceDataStore\CommanChannelServiceDataStore.csproj", "{D333207B-9A1C-4207-8DD0-A65C1754733E}"
EndProject
Project("{FAE04EC0-301F-11D3-BF4B-00C04F79EFBC}") = "XpoCommandChannelService", "XpoCommandChannelService\XpoCommandChannelService.csproj", "{1904A4C7-B134-4514-AE10-C106B7585F18}"
EndProject
Project("{FAE04EC0-301F-11D3-BF4B-00C04F79EFBC}") = "Client", "Client\Client.csproj", "{E399CACA-8F0D-408C-9E5D-D9CDFB16F9AF}"
EndProject
Global
	GlobalSection(SolutionConfigurationPlatforms) = preSolution
		Debug|.NET = Debug|.NET
		Debug|Any CPU = Debug|Any CPU
		Debug|Mixed Platforms = Debug|Mixed Platforms
		Release|.NET = Release|.NET
		Release|Any CPU = Release|Any CPU
		Release|Mixed Platforms = Release|Mixed Platforms
	EndGlobalSection
	GlobalSection(ProjectConfigurationPlatforms) = postSolution
		{44B623A7-BB24-4C76-9B97-9173B7A1C36A}.Debug|.NET.ActiveCfg = Debug|Any CPU
		{44B623A7-BB24-4C76-9B97-9173B7A1C36A}.Debug|Any CPU.ActiveCfg = Debug|Any CPU
		{44B623A7-BB24-4C76-9B97-9173B7A1C36A}.Debug|Any CPU.Build.0 = Debug|Any CPU
		{44B623A7-BB24-4C76-9B97-9173B7A1C36A}.Debug|Mixed Platforms.ActiveCfg = Debug|Any CPU
		{44B623A7-BB24-4C76-9B97-9173B7A1C36A}.Debug|Mixed Platforms.Build.0 = Debug|Any CPU
		{44B623A7-BB24-4C76-9B97-9173B7A1C36A}.Release|.NET.ActiveCfg = Release|Any CPU
		{44B623A7-BB24-4C76-9B97-9173B7A1C36A}.Release|Any CPU.ActiveCfg = Release|Any CPU
		{44B623A7-BB24-4C76-9B97-9173B7A1C36A}.Release|Any CPU.Build.0 = Release|Any CPU
		{44B623A7-BB24-4C76-9B97-9173B7A1C36A}.Release|Mixed Platforms.ActiveCfg = Release|Any CPU
		{44B623A7-BB24-4C76-9B97-9173B7A1C36A}.Release|Mixed Platforms.Build.0 = Release|Any CPU
		{C5D65D27-479F-45BB-BDD9-D28A91998A6F}.Debug|.NET.ActiveCfg = Debug|Any CPU
		{C5D65D27-479F-45BB-BDD9-D28A91998A6F}.Debug|Any CPU.ActiveCfg = Debug|Any CPU
		{C5D65D27-479F-45BB-BDD9-D28A91998A6F}.Debug|Any CPU.Build.0 = Debug|Any CPU
		{C5D65D27-479F-45BB-BDD9-D28A91998A6F}.Debug|Mixed Platforms.ActiveCfg = Debug|Any CPU
		{C5D65D27-479F-45BB-BDD9-D28A91998A6F}.Debug|Mixed Platforms.Build.0 = Debug|Any CPU
		{C5D65D27-479F-45BB-BDD9-D28A91998A6F}.Release|.NET.ActiveCfg = Release|Any CPU
		{C5D65D27-479F-45BB-BDD9-D28A91998A6F}.Release|Any CPU.ActiveCfg = Release|Any CPU
		{C5D65D27-479F-45BB-BDD9-D28A91998A6F}.Release|Any CPU.Build.0 = Release|Any CPU
		{C5D65D27-479F-45BB-BDD9-D28A91998A6F}.Release|Mixed Platforms.ActiveCfg = Release|Any CPU
		{C5D65D27-479F-45BB-BDD9-D28A91998A6F}.Release|Mixed Platforms.Build.0 = Release|Any CPU
		{D333207B-9A1C-4207-8DD0-A65C1754733E}.Debug|.NET.ActiveCfg = Debug|Any CPU
		{D333207B-9A1C-4207-8DD0-A65C1754733E}.Debug|Any CPU.ActiveCfg = Debug|Any CPU
		{D333207B-9A1C-4207-8DD0-A65C1754733E}.Debug|Any CPU.Build.0 = Debug|Any CPU
		{D333207B-9A1C-4207-8DD0-A65C1754733E}.Debug|Mixed Platforms.ActiveCfg = Debug|Any CPU
		{D333207B-9A1C-4207-8DD0-A65C1754733E}.Debug|Mixed Platforms.Build.0 = Debug|Any CPU
		{D333207B-9A1C-4207-8DD0-A65C1754733E}.Release|.NET.ActiveCfg = Release|Any CPU
		{D333207B-9A1C-4207-8DD0-A65C1754733E}.Release|Any CPU.ActiveCfg = Release|Any CPU
		{D333207B-9A1C-4207-8DD0-A65C1754733E}.Release|Any CPU.Build.0 = Release|Any CPU
		{D333207B-9A1C-4207-8DD0-A65C1754733E}.Release|Mixed Platforms.ActiveCfg = Release|Any CPU
		{D333207B-9A1C-4207-8DD0-A65C1754733E}.Release|Mixed Platforms.Build.0 = Release|Any CPU
		{1904A4C7-B134-4514-AE10-C106B7585F18}.Debug|.NET.ActiveCfg = Debug|Any CPU
		{1904A4C7-B134-4514-AE10-C106B7585F18}.Debug|Any CPU.ActiveCfg = Debug|Any CPU
		{1904A4C7-B134-4514-AE10-C106B7585F18}.Debug|Any CPU.Build.0 = Debug|Any CPU
		{1904A4C7-B134-4514-AE10-C106B7585F18}.Debug|Mixed Platforms.ActiveCfg = Debug|Any CPU
		{1904A4C7-B134-4514-AE10-C106B7585F18}.Debug|Mixed Platforms.Build.0 = Debug|Any CPU
		{1904A4C7-B134-4514-AE10-C106B7585F18}.Release|.NET.ActiveCfg = Release|Any CPU
		{1904A4C7-B134-4514-AE10-C106B7585F18}.Release|Any CPU.ActiveCfg = Release|Any CPU
		{1904A4C7-B134-4514-AE10-C106B7585F18}.Release|Any CPU.Build.0 = Release|Any CPU
		{1904A4C7-B134-4514-AE10-C106B7585F18}.Release|Mixed Platforms.ActiveCfg = Release|Any CPU
		{1904A4C7-B134-4514-AE10-C106B7585F18}.Release|Mixed Platforms.Build.0 = Release|Any CPU
		{E399CACA-8F0D-408C-9E5D-D9CDFB16F9AF}.Debug|.NET.ActiveCfg = Debug|Any CPU
		{E399CACA-8F0D-408C-9E5D-D9CDFB16F9AF}.Debug|Any CPU.ActiveCfg = Debug|Any CPU
		{E399CACA-8F0D-408C-9E5D-D9CDFB16F9AF}.Debug|Any CPU.Build.0 = Debug|Any CPU
		{E399CACA-8F0D-408C-9E5D-D9CDFB16F9AF}.Debug|Mixed Platforms.ActiveCfg = Debug|Any CPU
		{E399CACA-8F0D-408C-9E5D-D9CDFB16F9AF}.Debug|Mixed Platforms.Build.0 = Debug|Any CPU
		{E399CACA-8F0D-408C-9E5D-D9CDFB16F9AF}.Release|.NET.ActiveCfg = Release|Any CPU
		{E399CACA-8F0D-408C-9E5D-D9CDFB16F9AF}.Release|Any CPU.ActiveCfg = Release|Any CPU
		{E399CACA-8F0D-408C-9E5D-D9CDFB16F9AF}.Release|Any CPU.Build.0 = Release|Any CPU
		{E399CACA-8F0D-408C-9E5D-D9CDFB16F9AF}.Release|Mixed Platforms.ActiveCfg = Release|Any CPU
		{E399CACA-8F0D-408C-9E5D-D9CDFB16F9AF}.Release|Mixed Platforms.Build.0 = Release|Any CPU
	EndGlobalSection
	GlobalSection(SolutionProperties) = preSolution
		HideSolutionNode = FALSE
	EndGlobalSection
EndGlobal
